
Microsoft Visual Studio Solution File, Format Version 12.00
# Visual Studio Version 17
VisualStudioVersion = 17.14.36109.1 d17.14
MinimumVisualStudioVersion = 10.0.40219.1
Project("{FAE04EC0-301F-11D3-BF4B-00C04F79EFBC}") = "ListViewMAUI", "ListViewMAUI\ListViewMAUI.csproj", "{5CB2C3DF-67FA-448E-BF7E-860AA550EE98}"
EndProject
Global
	GlobalSection(SolutionConfigurationPlatforms) = preSolution
		Debug|Any CPU = Debug|Any CPU
		Release|Any CPU = Release|Any CPU
	EndGlobalSection
	GlobalSection(ProjectConfigurationPlatforms) = postSolution
		{5CB2C3DF-67FA-448E-BF7E-860AA550EE98}.Debug|Any CPU.ActiveCfg = Debug|Any CPU
		{5CB2C3DF-67FA-448E-BF7E-860AA550EE98}.Debug|Any CPU.Build.0 = Debug|Any CPU
		{5CB2C3DF-67FA-448E-BF7E-860AA550EE98}.Release|Any CPU.ActiveCfg = Release|Any CPU
		{5CB2C3DF-67FA-448E-BF7E-860AA550EE98}.Release|Any CPU.Build.0 = Release|Any CPU
	EndGlobalSection
	GlobalSection(SolutionProperties) = preSolution
		HideSolutionNode = FALSE
	EndGlobalSection
	GlobalSection(ExtensibilityGlobals) = postSolution
		SolutionGuid = {3A990CBD-E32A-4033-928F-6C0948FBB788}
	EndGlobalSection
EndGlobal
